
Microsoft Visual Studio Solution File, Format Version 12.00
# Visual Studio 14
VisualStudioVersion = 14.0.24720.0
MinimumVisualStudioVersion = 10.0.40219.1
Project("{2150E333-8FDC-42A3-9474-1A3956D46DE8}") = ".build", ".build", "{5E82B030-4560-4120-BE4A-73B6A375D2B3}"
	ProjectSection(SolutionItems) = preProject
		Build.proj = Build.proj
		.build\MSBuild.Community.Tasks.dll = .build\MSBuild.Community.Tasks.dll
		.build\MSBuild.Community.Tasks.targets = .build\MSBuild.Community.Tasks.targets
	EndProjectSection
EndProject
Project("{FAE04EC0-301F-11D3-BF4B-00C04F79EFBC}") = "AspNet.Identity.OrmLite", "AspNet.Identity.OrmLite\AspNet.Identity.OrmLite.csproj", "{4097415B-E0B7-4401-8450-E3B5B35CD14A}"
EndProject
Project("{FAE04EC0-301F-11D3-BF4B-00C04F79EFBC}") = "AspNet.Identity.OrmLite.TestConsole", "AspNet.Identity.OrmLite.TestConsole\AspNet.Identity.OrmLite.TestConsole.csproj", "{CFE52C77-A523-4C23-B460-B03211C2F3C3}"
EndProject
Global
	GlobalSection(SolutionConfigurationPlatforms) = preSolution
		Debug|Any CPU = Debug|Any CPU
		Release|Any CPU = Release|Any CPU
	EndGlobalSection
	GlobalSection(ProjectConfigurationPlatforms) = postSolution
		{4097415B-E0B7-4401-8450-E3B5B35CD14A}.Debug|Any CPU.ActiveCfg = Debug|Any CPU
		{4097415B-E0B7-4401-8450-E3B5B35CD14A}.Debug|Any CPU.Build.0 = Debug|Any CPU
		{4097415B-E0B7-4401-8450-E3B5B35CD14A}.Release|Any CPU.ActiveCfg = Release|Any CPU
		{4097415B-E0B7-4401-8450-E3B5B35CD14A}.Release|Any CPU.Build.0 = Release|Any CPU
		{CFE52C77-A523-4C23-B460-B03211C2F3C3}.Debug|Any CPU.ActiveCfg = Debug|Any CPU
		{CFE52C77-A523-4C23-B460-B03211C2F3C3}.Debug|Any CPU.Build.0 = Debug|Any CPU
		{CFE52C77-A523-4C23-B460-B03211C2F3C3}.Release|Any CPU.ActiveCfg = Release|Any CPU
		{CFE52C77-A523-4C23-B460-B03211C2F3C3}.Release|Any CPU.Build.0 = Release|Any CPU
	EndGlobalSection
	GlobalSection(SolutionProperties) = preSolution
		HideSolutionNode = FALSE
	EndGlobalSection
EndGlobal
